
Microsoft Visual Studio Solution File, Format Version 12.00
Project("{FAE04EC0-301F-11D3-BF4B-00C04F79EFBC}") = "IdsHasura", "IdsHasura\IdsHasura.csproj", "{A6C407A7-9674-4E1C-8E19-386749C87951}"
EndProject
Global
	GlobalSection(SolutionConfigurationPlatforms) = preSolution
		Debug|Any CPU = Debug|Any CPU
		Release|Any CPU = Release|Any CPU
	EndGlobalSection
	GlobalSection(ProjectConfigurationPlatforms) = postSolution
		{A6C407A7-9674-4E1C-8E19-386749C87951}.Debug|Any CPU.ActiveCfg = Debug|Any CPU
		{A6C407A7-9674-4E1C-8E19-386749C87951}.Debug|Any CPU.Build.0 = Debug|Any CPU
		{A6C407A7-9674-4E1C-8E19-386749C87951}.Release|Any CPU.ActiveCfg = Release|Any CPU
		{A6C407A7-9674-4E1C-8E19-386749C87951}.Release|Any CPU.Build.0 = Release|Any CPU
	EndGlobalSection
EndGlobal
